
Microsoft Visual Studio Solution File, Format Version 12.00
# Visual Studio Version 17
VisualStudioVersion = 17.14.36109.1 d17.14
MinimumVisualStudioVersion = 10.0.40219.1
Project("{FAE04EC0-301F-11D3-BF4B-00C04F79EFBC}") = "OBHM_Core", "OBHM_Core\OBHM_Core.csproj", "{35E88577-D4C0-4E13-9CAD-28BCEEB029B0}"
EndProject
Project("{FAE04EC0-301F-11D3-BF4B-00C04F79EFBC}") = "OBHM_Graphics", "OBHM_Graphics\OBHM_Graphics.csproj", "{652DC993-62B3-408E-8547-E764829D709D}"
EndProject
Project("{FAE04EC0-301F-11D3-BF4B-00C04F79EFBC}") = "OBHM_Audio", "OBHM_Audio\OBHM_Audio.csproj", "{C1AEF659-C5BF-4F06-BD82-EE70E2BCE61A}"
EndProject
Project("{FAE04EC0-301F-11D3-BF4B-00C04F79EFBC}") = "OBHM_CD", "OBHM_CD\OBHM_CD.csproj", "{1DC90A49-DCA3-4A3A-BADC-BC13784230BA}"
EndProject
Project("{FAE04EC0-301F-11D3-BF4B-00C04F79EFBC}") = "OBHM_App", "OBHM_App\OBHM_App.csproj", "{F5A237CB-F939-42D9-9083-FA93962C90B4}"
EndProject
Global
	GlobalSection(SolutionConfigurationPlatforms) = preSolution
		Debug|Any CPU = Debug|Any CPU
		Release|Any CPU = Release|Any CPU
	EndGlobalSection
	GlobalSection(ProjectConfigurationPlatforms) = postSolution
		{35E88577-D4C0-4E13-9CAD-28BCEEB029B0}.Debug|Any CPU.ActiveCfg = Debug|Any CPU
		{35E88577-D4C0-4E13-9CAD-28BCEEB029B0}.Debug|Any CPU.Build.0 = Debug|Any CPU
		{35E88577-D4C0-4E13-9CAD-28BCEEB029B0}.Release|Any CPU.ActiveCfg = Release|Any CPU
		{35E88577-D4C0-4E13-9CAD-28BCEEB029B0}.Release|Any CPU.Build.0 = Release|Any CPU
		{652DC993-62B3-408E-8547-E764829D709D}.Debug|Any CPU.ActiveCfg = Debug|Any CPU
		{652DC993-62B3-408E-8547-E764829D709D}.Debug|Any CPU.Build.0 = Debug|Any CPU
		{652DC993-62B3-408E-8547-E764829D709D}.Release|Any CPU.ActiveCfg = Release|Any CPU
		{652DC993-62B3-408E-8547-E764829D709D}.Release|Any CPU.Build.0 = Release|Any CPU
		{C1AEF659-C5BF-4F06-BD82-EE70E2BCE61A}.Debug|Any CPU.ActiveCfg = Debug|Any CPU
		{C1AEF659-C5BF-4F06-BD82-EE70E2BCE61A}.Debug|Any CPU.Build.0 = Debug|Any CPU
		{C1AEF659-C5BF-4F06-BD82-EE70E2BCE61A}.Release|Any CPU.ActiveCfg = Release|Any CPU
		{C1AEF659-C5BF-4F06-BD82-EE70E2BCE61A}.Release|Any CPU.Build.0 = Release|Any CPU
		{1DC90A49-DCA3-4A3A-BADC-BC13784230BA}.Debug|Any CPU.ActiveCfg = Debug|Any CPU
		{1DC90A49-DCA3-4A3A-BADC-BC13784230BA}.Debug|Any CPU.Build.0 = Debug|Any CPU
		{1DC90A49-DCA3-4A3A-BADC-BC13784230BA}.Release|Any CPU.ActiveCfg = Release|Any CPU
		{1DC90A49-DCA3-4A3A-BADC-BC13784230BA}.Release|Any CPU.Build.0 = Release|Any CPU
		{F5A237CB-F939-42D9-9083-FA93962C90B4}.Debug|Any CPU.ActiveCfg = Debug|Any CPU
		{F5A237CB-F939-42D9-9083-FA93962C90B4}.Debug|Any CPU.Build.0 = Debug|Any CPU
		{F5A237CB-F939-42D9-9083-FA93962C90B4}.Release|Any CPU.ActiveCfg = Release|Any CPU
		{F5A237CB-F939-42D9-9083-FA93962C90B4}.Release|Any CPU.Build.0 = Release|Any CPU
	EndGlobalSection
	GlobalSection(SolutionProperties) = preSolution
		HideSolutionNode = FALSE
	EndGlobalSection
	GlobalSection(ExtensibilityGlobals) = postSolution
		SolutionGuid = {FC6412CD-109F-4888-A119-43381045229F}
	EndGlobalSection
EndGlobal
